
Microsoft Visual Studio Solution File, Format Version 12.00
# Visual Studio Version 16
VisualStudioVersion = 16.0.30907.101
MinimumVisualStudioVersion = 10.0.40219.1
Project("{9A19103F-16F7-4668-BE54-9A1E7A4F7556}") = "IdentityServer4Demo", "IdentityServer4Demo\IdentityServer4Demo.csproj", "{0BC531A2-1584-462C-959C-10972DDA7A2F}"
EndProject
Project("{FAE04EC0-301F-11D3-BF4B-00C04F79EFBC}") = "Api", "Api\Api.csproj", "{704C1F00-37B0-45AA-97B4-C709390B15A8}"
EndProject
Project("{FAE04EC0-301F-11D3-BF4B-00C04F79EFBC}") = "ClientDemo", "ClientDemo\ClientDemo.csproj", "{BEE9DC6B-F140-4906-B562-349FCC8F844F}"
EndProject
Project("{FAE04EC0-301F-11D3-BF4B-00C04F79EFBC}") = "ClientPasswordDemo", "ClientPasswordDemo\ClientPasswordDemo.csproj", "{FDB3AB46-B050-4C02-A108-E75588F3F973}"
EndProject
Project("{FAE04EC0-301F-11D3-BF4B-00C04F79EFBC}") = "ClientMvc", "ClientMvc\ClientMvc.csproj", "{8A64797F-E2AA-48FD-B803-1273673B2157}"
EndProject
Global
	GlobalSection(SolutionConfigurationPlatforms) = preSolution
		Debug|Any CPU = Debug|Any CPU
		Release|Any CPU = Release|Any CPU
	EndGlobalSection
	GlobalSection(ProjectConfigurationPlatforms) = postSolution
		{0BC531A2-1584-462C-959C-10972DDA7A2F}.Debug|Any CPU.ActiveCfg = Debug|Any CPU
		{0BC531A2-1584-462C-959C-10972DDA7A2F}.Debug|Any CPU.Build.0 = Debug|Any CPU
		{0BC531A2-1584-462C-959C-10972DDA7A2F}.Release|Any CPU.ActiveCfg = Release|Any CPU
		{0BC531A2-1584-462C-959C-10972DDA7A2F}.Release|Any CPU.Build.0 = Release|Any CPU
		{704C1F00-37B0-45AA-97B4-C709390B15A8}.Debug|Any CPU.ActiveCfg = Debug|Any CPU
		{704C1F00-37B0-45AA-97B4-C709390B15A8}.Debug|Any CPU.Build.0 = Debug|Any CPU
		{704C1F00-37B0-45AA-97B4-C709390B15A8}.Release|Any CPU.ActiveCfg = Release|Any CPU
		{704C1F00-37B0-45AA-97B4-C709390B15A8}.Release|Any CPU.Build.0 = Release|Any CPU
		{BEE9DC6B-F140-4906-B562-349FCC8F844F}.Debug|Any CPU.ActiveCfg = Debug|Any CPU
		{BEE9DC6B-F140-4906-B562-349FCC8F844F}.Debug|Any CPU.Build.0 = Debug|Any CPU
		{BEE9DC6B-F140-4906-B562-349FCC8F844F}.Release|Any CPU.ActiveCfg = Release|Any CPU
		{BEE9DC6B-F140-4906-B562-349FCC8F844F}.Release|Any CPU.Build.0 = Release|Any CPU
		{FDB3AB46-B050-4C02-A108-E75588F3F973}.Debug|Any CPU.ActiveCfg = Debug|Any CPU
		{FDB3AB46-B050-4C02-A108-E75588F3F973}.Debug|Any CPU.Build.0 = Debug|Any CPU
		{FDB3AB46-B050-4C02-A108-E75588F3F973}.Release|Any CPU.ActiveCfg = Release|Any CPU
		{FDB3AB46-B050-4C02-A108-E75588F3F973}.Release|Any CPU.Build.0 = Release|Any CPU
		{8A64797F-E2AA-48FD-B803-1273673B2157}.Debug|Any CPU.ActiveCfg = Debug|Any CPU
		{8A64797F-E2AA-48FD-B803-1273673B2157}.Debug|Any CPU.Build.0 = Debug|Any CPU
		{8A64797F-E2AA-48FD-B803-1273673B2157}.Release|Any CPU.ActiveCfg = Release|Any CPU
		{8A64797F-E2AA-48FD-B803-1273673B2157}.Release|Any CPU.Build.0 = Release|Any CPU
	EndGlobalSection
	GlobalSection(SolutionProperties) = preSolution
		HideSolutionNode = FALSE
	EndGlobalSection
	GlobalSection(ExtensibilityGlobals) = postSolution
		SolutionGuid = {CCFADFFF-742B-47F0-B6A1-B79694435B65}
	EndGlobalSection
EndGlobal
